
Microsoft Visual Studio Solution File, Format Version 12.00
# Visual Studio Version 16
VisualStudioVersion = 16.0.30611.23
MinimumVisualStudioVersion = 10.0.40219.1
Project("{FAE04EC0-301F-11D3-BF4B-00C04F79EFBC}") = "Guess The Number", "Guess The Number.csproj", "{904F863A-8E77-435A-BAB6-F7AEB2868F44}"
EndProject
Global
	GlobalSection(SolutionConfigurationPlatforms) = preSolution
		Debug|Any CPU = Debug|Any CPU
		Release|Any CPU = Release|Any CPU
	EndGlobalSection
	GlobalSection(ProjectConfigurationPlatforms) = postSolution
		{904F863A-8E77-435A-BAB6-F7AEB2868F44}.Debug|Any CPU.ActiveCfg = Debug|Any CPU
		{904F863A-8E77-435A-BAB6-F7AEB2868F44}.Debug|Any CPU.Build.0 = Debug|Any CPU
		{904F863A-8E77-435A-BAB6-F7AEB2868F44}.Release|Any CPU.ActiveCfg = Release|Any CPU
		{904F863A-8E77-435A-BAB6-F7AEB2868F44}.Release|Any CPU.Build.0 = Release|Any CPU
	EndGlobalSection
	GlobalSection(SolutionProperties) = preSolution
		HideSolutionNode = FALSE
	EndGlobalSection
	GlobalSection(ExtensibilityGlobals) = postSolution
		SolutionGuid = {6A3E91E4-042A-4F3B-AEF5-E8D84AEC80DB}
	EndGlobalSection
EndGlobal
